
Microsoft Visual Studio Solution File, Format Version 12.00
# Visual Studio Version 17
VisualStudioVersion = 17.14.36401.2 d17.14
MinimumVisualStudioVersion = 10.0.40219.1
Project("{FAE04EC0-301F-11D3-BF4B-00C04F79EFBC}") = "Bingo", "Bingo.csproj", "{1F28589A-E69A-4DF6-9E48-47FB62B44A23}"
EndProject
Global
	GlobalSection(SolutionConfigurationPlatforms) = preSolution
		Debug|Any CPU = Debug|Any CPU
		Release|Any CPU = Release|Any CPU
	EndGlobalSection
	GlobalSection(ProjectConfigurationPlatforms) = postSolution
		{1F28589A-E69A-4DF6-9E48-47FB62B44A23}.Debug|Any CPU.ActiveCfg = Debug|Any CPU
		{1F28589A-E69A-4DF6-9E48-47FB62B44A23}.Debug|Any CPU.Build.0 = Debug|Any CPU
		{1F28589A-E69A-4DF6-9E48-47FB62B44A23}.Release|Any CPU.ActiveCfg = Release|Any CPU
		{1F28589A-E69A-4DF6-9E48-47FB62B44A23}.Release|Any CPU.Build.0 = Release|Any CPU
	EndGlobalSection
	GlobalSection(SolutionProperties) = preSolution
		HideSolutionNode = FALSE
	EndGlobalSection
	GlobalSection(ExtensibilityGlobals) = postSolution
		SolutionGuid = {A86035D7-7A84-4B78-A16A-1C53DB77B574}
	EndGlobalSection
EndGlobal
